
Microsoft Visual Studio Solution File, Format Version 12.00
# Visual Studio Version 17
VisualStudioVersion = 17.0.32112.339
MinimumVisualStudioVersion = 10.0.40219.1
Project("{8380DF61-EDAF-4679-B023-E8979BF8CEE5}") = "Encryptix Crypter", "Encryptix Crypter\Encryptix Crypter.csproj", "{C1D05248-9129-4517-B398-9C71FBB34F6D}"
EndProject
Global
	GlobalSection(SolutionConfigurationPlatforms) = preSolution
		Debug|Any CPU = Debug|Any CPU
		Release|Any CPU = Release|Any CPU
	EndGlobalSection
	GlobalSection(ProjectConfigurationPlatforms) = postSolution
		{C1D05248-9129-4517-B398-9C71FBB34F6D}.Debug|Any CPU.ActiveCfg = Debug|Any CPU
		{C1D05248-9129-4517-B398-9C71FBB34F6D}.Debug|Any CPU.Build.0 = Debug|Any CPU
		{C1D05248-9129-4517-B398-9C71FBB34F6D}.Release|Any CPU.ActiveCfg = Release|Any CPU
		{C1D05248-9129-4517-B398-9C71FBB34F6D}.Release|Any CPU.Build.0 = Release|Any CPU
	EndGlobalSection
	GlobalSection(SolutionProperties) = preSolution
		HideSolutionNode = FALSE
	EndGlobalSection
	GlobalSection(ExtensibilityGlobals) = postSolution
		SolutionGuid = {A8713E71-F1FB-49CC-8AC0-068DA0776090}
	EndGlobalSection
EndGlobal
